
Microsoft Visual Studio Solution File, Format Version 12.00
# Visual Studio Version 16
VisualStudioVersion = 16.0.29609.76
MinimumVisualStudioVersion = 10.0.40219.1
Project("{9A19103F-16F7-4668-BE54-9A1E7A4F7556}") = "PremiumLibrary", "PremiumLibrary.csproj", "{83D38CC8-020B-4A55-8944-18203F33075C}"
EndProject
Project("{FAE04EC0-301F-11D3-BF4B-00C04F79EFBC}") = "PremiumLibrary.Tests", "..\PremiumLibrary.Tests\PremiumLibrary.Tests.csproj", "{F6621855-7C62-408E-86E5-B53D890D6F56}"
EndProject
Global
	GlobalSection(SolutionConfigurationPlatforms) = preSolution
		Debug|Any CPU = Debug|Any CPU
		Release|Any CPU = Release|Any CPU
	EndGlobalSection
	GlobalSection(ProjectConfigurationPlatforms) = postSolution
		{83D38CC8-020B-4A55-8944-18203F33075C}.Debug|Any CPU.ActiveCfg = Debug|Any CPU
		{83D38CC8-020B-4A55-8944-18203F33075C}.Debug|Any CPU.Build.0 = Debug|Any CPU
		{83D38CC8-020B-4A55-8944-18203F33075C}.Release|Any CPU.ActiveCfg = Release|Any CPU
		{83D38CC8-020B-4A55-8944-18203F33075C}.Release|Any CPU.Build.0 = Release|Any CPU
		{F6621855-7C62-408E-86E5-B53D890D6F56}.Debug|Any CPU.ActiveCfg = Debug|Any CPU
		{F6621855-7C62-408E-86E5-B53D890D6F56}.Debug|Any CPU.Build.0 = Debug|Any CPU
		{F6621855-7C62-408E-86E5-B53D890D6F56}.Release|Any CPU.ActiveCfg = Release|Any CPU
		{F6621855-7C62-408E-86E5-B53D890D6F56}.Release|Any CPU.Build.0 = Release|Any CPU
	EndGlobalSection
	GlobalSection(SolutionProperties) = preSolution
		HideSolutionNode = FALSE
	EndGlobalSection
	GlobalSection(ExtensibilityGlobals) = postSolution
		SolutionGuid = {7503ACBE-0566-475C-9597-8A703E90CC6C}
	EndGlobalSection
EndGlobal
